// !$*UTF8*$!
{
	archiveVersion = 1;
	classes = {
	};
	objectVersion = 46;
	objects = {

/* Begin PBXBuildFile section */
		C651934A1C38FAEF00DA3C6E /* AppDelegate.swift in Sources */ = {isa = PBXBuildFile; fileRef = C65193491C38FAEF00DA3C6E /* AppDelegate.swift */; };
		C651934C1C38FAEF00DA3C6E /* ViewController.swift in Sources */ = {isa = PBXBuildFile; fileRef = C651934B1C38FAEF00DA3C6E /* ViewController.swift */; };
		C651934F1C38FAEF00DA3C6E /* Main.storyboard in Resources */ = {isa = PBXBuildFile; fileRef = C651934D1C38FAEF00DA3C6E /* Main.storyboard */; };
		C65193511C38FAEF00DA3C6E /* Assets.xcassets in Resources */ = {isa = PBXBuildFile; fileRef = C65193501C38FAEF00DA3C6E /* Assets.xcassets */; };
		C65193541C38FAEF00DA3C6E /* LaunchScreen.storyboard in Resources */ = {isa = PBXBuildFile; fileRef = C65193521C38FAEF00DA3C6E /* LaunchScreen.storyboard */; };
		C651935F1C38FAEF00DA3C6E /* SaberTests.swift in Sources */ = {isa = PBXBuildFile; fileRef = C651935E1C38FAEF00DA3C6E /* SaberTests.swift */; };
		C651936A1C38FAEF00DA3C6E /* SaberUITests.swift in Sources */ = {isa = PBXBuildFile; fileRef = C65193691C38FAEF00DA3C6E /* SaberUITests.swift */; };
/* End PBXBuildFile section */

/* Begin PBXContainerItemProxy section */
		C651935B1C38FAEF00DA3C6E /* PBXContainerItemProxy */ = {
			isa = PBXContainerItemProxy;
			containerPortal = C651933E1C38FAEF00DA3C6E /* Project object */;
			proxyType = 1;
			remoteGlobalIDString = C65193451C38FAEF00DA3C6E;
			remoteInfo = Saber;
		};
		C65193661C38FAEF00DA3C6E /* PBXContainerItemProxy */ = {
			isa = PBXContainerItemProxy;
			containerPortal = C651933E1C38FAEF00DA3C6E /* Project object */;
			proxyType = 1;
			remoteGlobalIDString = C65193451C38FAEF00DA3C6E;
			remoteInfo = Saber;
		};
/* End PBXContainerItemProxy section */

/* Begin PBXFileReference section */
		C65193461C38FAEF00DA3C6E /* Saber.app */ = {isa = PBXFileReference; explicitFileType = wrapper.application; includeInIndex = 0; path = Saber.app; sourceTree = BUILT_PRODUCTS_DIR; };
		C65193491C38FAEF00DA3C6E /* AppDelegate.swift */ = {isa = PBXFileReference; lastKnownFileType = sourcecode.swift; path = AppDelegate.swift; sourceTree = "<group>"; };
		C651934B1C38FAEF00DA3C6E /* ViewController.swift */ = {isa = PBXFileReference; lastKnownFileType = sourcecode.swift; path = ViewController.swift; sourceTree = "<group>"; };
		C651934E1C38FAEF00DA3C6E /* Base */ = {isa = PBXFileReference; lastKnownFileType = file.storyboard; name = Base; path = Base.lproj/Main.storyboard; sourceTree = "<group>"; };
		C65193501C38FAEF00DA3C6E /* Assets.xcassets */ = {isa = PBXFileReference; lastKnownFileType = folder.assetcatalog; path = Assets.xcassets; sourceTree = "<group>"; };
		C65193531C38FAEF00DA3C6E /* Base */ = {isa = PBXFileReference; lastKnownFileType = file.storyboard; name = Base; path = Base.lproj/LaunchScreen.storyboard; sourceTree = "<group>"; };
		C65193551C38FAEF00DA3C6E /* Info.plist */ = {isa = PBXFileReference; lastKnownFileType = text.plist.xml; path = Info.plist; sourceTree = "<group>"; };
		C651935A1C38FAEF00DA3C6E /* SaberTests.xctest */ = {isa = PBXFileReference; explicitFileType = wrapper.cfbundle; includeInIndex = 0; path = SaberTests.xctest; sourceTree = BUILT_PRODUCTS_DIR; };
		C651935E1C38FAEF00DA3C6E /* SaberTests.swift */ = {isa = PBXFileReference; lastKnownFileType = sourcecode.swift; path = SaberTests.swift; sourceTree = "<group>"; };
		C65193601C38FAEF00DA3C6E /* Info.plist */ = {isa = PBXFileReference; lastKnownFileType = text.plist.xml; path = Info.plist; sourceTree = "<group>"; };
		C65193651C38FAEF00DA3C6E /* SaberUITests.xctest */ = {isa = PBXFileReference; explicitFileType = wrapper.cfbundle; includeInIndex = 0; path = SaberUITests.xctest; sourceTree = BUILT_PRODUCTS_DIR; };
		C65193691C38FAEF00DA3C6E /* SaberUITests.swift */ = {isa = PBXFileReference; lastKnownFileType = sourcecode.swift; path = SaberUITests.swift; sourceTree = "<group>"; };
		C651936B1C38FAEF00DA3C6E /* Info.plist */ = {isa = PBXFileReference; lastKnownFileType = text.plist.xml; path = Info.plist; sourceTree = "<group>"; };
/* End PBXFileReference section */

/* Begin PBXFrameworksBuildPhase section */
		C65193431C38FAEF00DA3C6E /* Frameworks */ = {
			isa = PBXFrameworksBuildPhase;
			buildActionMask = 2147483647;
			files = (
			);
			runOnlyForDeploymentPostprocessing = 0;
		};
		C65193571C38FAEF00DA3C6E /* Frameworks */ = {
			isa = PBXFrameworksBuildPhase;
			buildActionMask = 2147483647;
			files = (
			);
			runOnlyForDeploymentPostprocessing = 0;
		};
		C65193621C38FAEF00DA3C6E /* Frameworks */ = {
			isa = PBXFrameworksBuildPhase;
			buildActionMask = 2147483647;
			files = (
			);
			runOnlyForDeploymentPostprocessing = 0;
		};
/* End PBXFrameworksBuildPhase section */

/* Begin PBXGroup section */
		C651933D1C38FAEF00DA3C6E = {
			isa = PBXGroup;
			children = (
				C65193481C38FAEF00DA3C6E /* Saber */,
				C651935D1C38FAEF00DA3C6E /* SaberTests */,
				C65193681C38FAEF00DA3C6E /* SaberUITests */,
				C65193471C38FAEF00DA3C6E /* Products */,
			);
			sourceTree = "<group>";
		};
		C65193471C38FAEF00DA3C6E /* Products */ = {
			isa = PBXGroup;
			children = (
				C65193461C38FAEF00DA3C6E /* Saber.app */,
				C651935A1C38FAEF00DA3C6E /* SaberTests.xctest */,
				C65193651C38FAEF00DA3C6E /* SaberUITests.xctest */,
			);
			name = Products;
			sourceTree = "<group>";
		};
		C65193481C38FAEF00DA3C6E /* Saber */ = {
			isa = PBXGroup;
			children = (
				C65193491C38FAEF00DA3C6E /* AppDelegate.swift */,
				C651934B1C38FAEF00DA3C6E /* ViewController.swift */,
				C651934D1C38FAEF00DA3C6E /* Main.storyboard */,
				C65193501C38FAEF00DA3C6E /* Assets.xcassets */,
				C65193521C38FAEF00DA3C6E /* LaunchScreen.storyboard */,
				C65193551C38FAEF00DA3C6E /* Info.plist */,
			);
			path = Saber;
			sourceTree = "<group>";
		};
		C651935D1C38FAEF00DA3C6E /* SaberTests */ = {
			isa = PBXGroup;
			children = (
				C651935E1C38FAEF00DA3C6E /* SaberTests.swift */,
				C65193601C38FAEF00DA3C6E /* Info.plist */,
			);
			path = SaberTests;
			sourceTree = "<group>";
		};
		C65193681C38FAEF00DA3C6E /* SaberUITests */ = {
			isa = PBXGroup;
			children = (
				C65193691C38FAEF00DA3C6E /* SaberUITests.swift */,
				C651936B1C38FAEF00DA3C6E /* Info.plist */,
			);
			path = SaberUITests;
			sourceTree = "<group>";
		};
/* End PBXGroup section */

/* Begin PBXNativeTarget section */
		C65193451C38FAEF00DA3C6E /* Saber */ = {
			isa = PBXNativeTarget;
			buildConfigurationList = C651936E1C38FAEF00DA3C6E /* Build configuration list for PBXNativeTarget "Saber" */;
			buildPhases = (
				C65193421C38FAEF00DA3C6E /* Sources */,
				C65193431C38FAEF00DA3C6E /* Frameworks */,
				C65193441C38FAEF00DA3C6E /* Resources */,
			);
			buildRules = (
			);
			dependencies = (
			);
			name = Saber;
			productName = Saber;
			productReference = C65193461C38FAEF00DA3C6E /* Saber.app */;
			productType = "com.apple.product-type.application";
		};
		C65193591C38FAEF00DA3C6E /* SaberTests */ = {
			isa = PBXNativeTarget;
			buildConfigurationList = C65193711C38FAEF00DA3C6E /* Build configuration list for PBXNativeTarget "SaberTests" */;
			buildPhases = (
				C65193561C38FAEF00DA3C6E /* Sources */,
				C65193571C38FAEF00DA3C6E /* Frameworks */,
				C65193581C38FAEF00DA3C6E /* Resources */,
			);
			buildRules = (
			);
			dependencies = (
				C651935C1C38FAEF00DA3C6E /* PBXTargetDependency */,
			);
			name = SaberTests;
			productName = SaberTests;
			productReference = C651935A1C38FAEF00DA3C6E /* SaberTests.xctest */;
			productType = "com.apple.product-type.bundle.unit-test";
		};
		C65193641C38FAEF00DA3C6E /* SaberUITests */ = {
			isa = PBXNativeTarget;
			buildConfigurationList = C65193741C38FAEF00DA3C6E /* Build configuration list for PBXNativeTarget "SaberUITests" */;
			buildPhases = (
				C65193611C38FAEF00DA3C6E /* Sources */,
				C65193621C38FAEF00DA3C6E /* Frameworks */,
				C65193631C38FAEF00DA3C6E /* Resources */,
			);
			buildRules = (
			);
			dependencies = (
				C65193671C38FAEF00DA3C6E /* PBXTargetDependency */,
			);
			name = SaberUITests;
			productName = SaberUITests;
			productReference = C65193651C38FAEF00DA3C6E /* SaberUITests.xctest */;
			productType = "com.apple.product-type.bundle.ui-testing";
		};
/* End PBXNativeTarget section */

/* Begin PBXProject section */
		C651933E1C38FAEF00DA3C6E /* Project object */ = {
			isa = PBXProject;
			attributes = {
				LastSwiftUpdateCheck = 0720;
				LastUpgradeCheck = 0720;
				ORGANIZATIONNAME = "Ganesh Gautham Industries";
				TargetAttributes = {
					C65193451C38FAEF00DA3C6E = {
						CreatedOnToolsVersion = 7.2;
						DevelopmentTeam = M7JE6Z8GMD;
					};
					C65193591C38FAEF00DA3C6E = {
						CreatedOnToolsVersion = 7.2;
						DevelopmentTeam = M7JE6Z8GMD;
						TestTargetID = C65193451C38FAEF00DA3C6E;
					};
					C65193641C38FAEF00DA3C6E = {
						CreatedOnToolsVersion = 7.2;
						DevelopmentTeam = M7JE6Z8GMD;
						TestTargetID = C65193451C38FAEF00DA3C6E;
					};
				};
			};
			buildConfigurationList = C65193411C38FAEF00DA3C6E /* Build configuration list for PBXProject "Saber" */;
			compatibilityVersion = "Xcode 3.2";
			developmentRegion = English;
			hasScannedForEncodings = 0;
			knownRegions = (
				en,
				Base,
			);
			mainGroup = C651933D1C38FAEF00DA3C6E;
			productRefGroup = C65193471C38FAEF00DA3C6E /* Products */;
			projectDirPath = "";
			projectRoot = "";
			targets = (
				C65193451C38FAEF00DA3C6E /* Saber */,
				C65193591C38FAEF00DA3C6E /* SaberTests */,
				C65193641C38FAEF00DA3C6E /* SaberUITests */,
			);
		};
/* End PBXProject section */

/* Begin PBXResourcesBuildPhase section */
		C65193441C38FAEF00DA3C6E /* Resources */ = {
			isa = PBXResourcesBuildPhase;
			buildActionMask = 2147483647;
			files = (
				C65193541C38FAEF00DA3C6E /* LaunchScreen.storyboard in Resources */,
				C65193511C38FAEF00DA3C6E /* Assets.xcassets in Resources */,
				C651934F1C38FAEF00DA3C6E /* Main.storyboard in Resources */,
			);
			runOnlyForDeploymentPostprocessing = 0;
		};
		C65193581C38FAEF00DA3C6E /* Resources */ = {
			isa = PBXResourcesBuildPhase;
			buildActionMask = 2147483647;
			files = (
			);
			runOnlyForDeploymentPostprocessing = 0;
		};
		C65193631C38FAEF00DA3C6E /* Resources */ = {
			isa = PBXResourcesBuildPhase;
			buildActionMask = 2147483647;
			files = (
			);
			runOnlyForDeploymentPostprocessing = 0;
		};
/* End PBXResourcesBuildPhase section */

/* Begin PBXSourcesBuildPhase section */
		C65193421C38FAEF00DA3C6E /* Sources */ = {
			isa = PBXSourcesBuildPhase;
			buildActionMask = 2147483647;
			files = (
				C651934C1C38FAEF00DA3C6E /* ViewController.swift in Sources */,
				C651934A1C38FAEF00DA3C6E /* AppDelegate.swift in Sources */,
			);
			runOnlyForDeploymentPostprocessing = 0;
		};
		C65193561C38FAEF00DA3C6E /* Sources */ = {
			isa = PBXSourcesBuildPhase;
			buildActionMask = 2147483647;
			files = (
				C651935F1C38FAEF00DA3C6E /* SaberTests.swift in Sources */,
			);
			runOnlyForDeploymentPostprocessing = 0;
		};
		C65193611C38FAEF00DA3C6E /* Sources */ = {
			isa = PBXSourcesBuildPhase;
			buildActionMask = 2147483647;
			files = (
				C651936A1C38FAEF00DA3C6E /* SaberUITests.swift in Sources */,
			);
			runOnlyForDeploymentPostprocessing = 0;
		};
/* End PBXSourcesBuildPhase section */

/* Begin PBXTargetDependency section */
		C651935C1C38FAEF00DA3C6E /* PBXTargetDependency */ = {
			isa = PBXTargetDependency;
			target = C65193451C38FAEF00DA3C6E /* Saber */;
			targetProxy = C651935B1C38FAEF00DA3C6E /* PBXContainerItemProxy */;
		};
		C65193671C38FAEF00DA3C6E /* PBXTargetDependency */ = {
			isa = PBXTargetDependency;
			target = C65193451C38FAEF00DA3C6E /* Saber */;
			targetProxy = C65193661C38FAEF00DA3C6E /* PBXContainerItemProxy */;
		};
/* End PBXTargetDependency section */

/* Begin PBXVariantGroup section */
		C651934D1C38FAEF00DA3C6E /* Main.storyboard */ = {
			isa = PBXVariantGroup;
			children = (
				C651934E1C38FAEF00DA3C6E /* Base */,
			);
			name = Main.storyboard;
			sourceTree = "<group>";
		};
		C65193521C38FAEF00DA3C6E /* LaunchScreen.storyboard */ = {
			isa = PBXVariantGroup;
			children = (
				C65193531C38FAEF00DA3C6E /* Base */,
			);
			name = LaunchScreen.storyboard;
			sourceTree = "<group>";
		};
/* End PBXVariantGroup section */

/* Begin XCBuildConfiguration section */
		C651936C1C38FAEF00DA3C6E /* Debug */ = {
			isa = XCBuildConfiguration;
			buildSettings = {
				ALWAYS_SEARCH_USER_PATHS = NO;
				CLANG_CXX_LANGUAGE_STANDARD = "gnu++0x";
				CLANG_CXX_LIBRARY = "libc++";
				CLANG_ENABLE_MODULES = YES;
				CLANG_ENABLE_OBJC_ARC = YES;
				CLANG_WARN_BOOL_CONVERSION = YES;
				CLANG_WARN_CONSTANT_CONVERSION = YES;
				CLANG_WARN_DIRECT_OBJC_ISA_USAGE = YES_ERROR;
				CLANG_WARN_EMPTY_BODY = YES;
				CLANG_WARN_ENUM_CONVERSION = YES;
				CLANG_WARN_INT_CONVERSION = YES;
				CLANG_WARN_OBJC_ROOT_CLASS = YES_ERROR;
				CLANG_WARN_UNREACHABLE_CODE = YES;
				CLANG_WARN__DUPLICATE_METHOD_MATCH = YES;
				"CODE_SIGN_IDENTITY[sdk=iphoneos*]" = "iPhone Developer";
				COPY_PHASE_STRIP = NO;
				DEBUG_INFORMATION_FORMAT = dwarf;
				ENABLE_STRICT_OBJC_MSGSEND = YES;
				ENABLE_TESTABILITY = YES;
				GCC_C_LANGUAGE_STANDARD = gnu99;
				GCC_DYNAMIC_NO_PIC = NO;
				GCC_NO_COMMON_BLOCKS = YES;
				GCC_OPTIMIZATION_LEVEL = 0;
				GCC_PREPROCESSOR_DEFINITIONS = (
					"DEBUG=1",
					"$(inherited)",
				);
				GCC_WARN_64_TO_32_BIT_CONVERSION = YES;
				GCC_WARN_ABOUT_RETURN_TYPE = YES_ERROR;
				GCC_WARN_UNDECLARED_SELECTOR = YES;
				GCC_WARN_UNINITIALIZED_AUTOS = YES_AGGRESSIVE;
				GCC_WARN_UNUSED_FUNCTION = YES;
				GCC_WARN_UNUSED_VARIABLE = YES;
				IPHONEOS_DEPLOYMENT_TARGET = 9.2;
				MTL_ENABLE_DEBUG_INFO = YES;
				ONLY_ACTIVE_ARCH = YES;
				SDKROOT = iphoneos;
				SWIFT_OPTIMIZATION_LEVEL = "-Onone";
			};
			name = Debug;
		};
		C651936D1C38FAEF00DA3C6E /* Release */ = {
			isa = XCBuildConfiguration;
			buildSettings = {
				ALWAYS_SEARCH_USER_PATHS = NO;
				CLANG_CXX_LANGUAGE_STANDARD = "gnu++0x";
				CLANG_CXX_LIBRARY = "libc++";
				CLANG_ENABLE_MODULES = YES;
				CLANG_ENABLE_OBJC_ARC = YES;
				CLANG_WARN_BOOL_CONVERSION = YES;
				CLANG_WARN_CONSTANT_CONVERSION = YES;
				CLANG_WARN_DIRECT_OBJC_ISA_USAGE = YES_ERROR;
				CLANG_WARN_EMPTY_BODY = YES;
				CLANG_WARN_ENUM_CONVERSION = YES;
				CLANG_WARN_INT_CONVERSION = YES;
				CLANG_WARN_OBJC_ROOT_CLASS = YES_ERROR;
				CLANG_WARN_UNREACHABLE_CODE = YES;
				CLANG_WARN__DUPLICATE_METHOD_MATCH = YES;
				"CODE_SIGN_IDENTITY[sdk=iphoneos*]" = "iPhone Developer";
				COPY_PHASE_STRIP = NO;
				DEBUG_INFORMATION_FORMAT = "dwarf-with-dsym";
				ENABLE_NS_ASSERTIONS = NO;
				ENABLE_STRICT_OBJC_MSGSEND = YES;
				GCC_C_LANGUAGE_STANDARD = gnu99;
				GCC_NO_COMMON_BLOCKS = YES;
				GCC_WARN_64_TO_32_BIT_CONVERSION = YES;
				GCC_WARN_ABOUT_RETURN_TYPE = YES_ERROR;
				GCC_WARN_UNDECLARED_SELECTOR = YES;
				GCC_WARN_UNINITIALIZED_AUTOS = YES_AGGRESSIVE;
				GCC_WARN_UNUSED_FUNCTION = YES;
				GCC_WARN_UNUSED_VARIABLE = YES;
				IPHONEOS_DEPLOYMENT_TARGET = 9.2;
				MTL_ENABLE_DEBUG_INFO = NO;
				SDKROOT = iphoneos;
				VALIDATE_PRODUCT = YES;
			};
			name = Release;
		};
		C651936F1C38FAEF00DA3C6E /* Debug */ = {
			isa = XCBuildConfiguration;
			buildSettings = {
				ASSETCATALOG_COMPILER_APPICON_NAME = AppIcon;
				INFOPLIST_FILE = Saber/Info.plist;
				LD_RUNPATH_SEARCH_PATHS = "$(inherited) @executable_path/Frameworks";
				PRODUCT_BUNDLE_IDENTIFIER = com.ganeshgautham.Saber;
				PRODUCT_NAME = "$(TARGET_NAME)";
			};
			name = Debug;
		};
		C65193701C38FAEF00DA3C6E /* Release */ = {
			isa = XCBuildConfiguration;
			buildSettings = {
				ASSETCATALOG_COMPILER_APPICON_NAME = AppIcon;
				INFOPLIST_FILE = Saber/Info.plist;
				LD_RUNPATH_SEARCH_PATHS = "$(inherited) @executable_path/Frameworks";
				PRODUCT_BUNDLE_IDENTIFIER = com.ganeshgautham.Saber;
				PRODUCT_NAME = "$(TARGET_NAME)";
			};
			name = Release;
		};
		C65193721C38FAEF00DA3C6E /* Debug */ = {
			isa = XCBuildConfiguration;
			buildSettings = {
				BUNDLE_LOADER = "$(TEST_HOST)";
				INFOPLIST_FILE = SaberTests/Info.plist;
				LD_RUNPATH_SEARCH_PATHS = "$(inherited) @executable_path/Frameworks @loader_path/Frameworks";
				PRODUCT_BUNDLE_IDENTIFIER = com.ganeshgautham.SaberTests;
				PRODUCT_NAME = "$(TARGET_NAME)";
				TEST_HOST = "$(BUILT_PRODUCTS_DIR)/Saber.app/Saber";
			};
			name = Debug;
		};
		C65193731C38FAEF00DA3C6E /* Release */ = {
			isa = XCBuildConfiguration;
			buildSettings = {
				BUNDLE_LOADER = "$(TEST_HOST)";
				INFOPLIST_FILE = SaberTests/Info.plist;
				LD_RUNPATH_SEARCH_PATHS = "$(inherited) @executable_path/Frameworks @loader_path/Frameworks";
				PRODUCT_BUNDLE_IDENTIFIER = com.ganeshgautham.SaberTests;
				PRODUCT_NAME = "$(TARGET_NAME)";
				TEST_HOST = "$(BUILT_PRODUCTS_DIR)/Saber.app/Saber";
			};
			name = Release;
		};
		C65193751C38FAEF00DA3C6E /* Debug */ = {
			isa = XCBuildConfiguration;
			buildSettings = {
				INFOPLIST_FILE = SaberUITests/Info.plist;
				LD_RUNPATH_SEARCH_PATHS = "$(inherited) @executable_path/Frameworks @loader_path/Frameworks";
				PRODUCT_BUNDLE_IDENTIFIER = com.ganeshgautham.SaberUITests;
				PRODUCT_NAME = "$(TARGET_NAME)";
				TEST_TARGET_NAME = Saber;
				USES_XCTRUNNER = YES;
			};
			name = Debug;
		};
		C65193761C38FAEF00DA3C6E /* Release */ = {
			isa = XCBuildConfiguration;
			buildSettings = {
				INFOPLIST_FILE = SaberUITests/Info.plist;
				LD_RUNPATH_SEARCH_PATHS = "$(inherited) @executable_path/Frameworks @loader_path/Frameworks";
				PRODUCT_BUNDLE_IDENTIFIER = com.ganeshgautham.SaberUITests;
				PRODUCT_NAME = "$(TARGET_NAME)";
				TEST_TARGET_NAME = Saber;
				USES_XCTRUNNER = YES;
			};
			name = Release;
		};
/* End XCBuildConfiguration section */

/* Begin XCConfigurationList section */
		C65193411C38FAEF00DA3C6E /* Build configuration list for PBXProject "Saber" */ = {
			isa = XCConfigurationList;
			buildConfigurations = (
				C651936C1C38FAEF00DA3C6E /* Debug */,
				C651936D1C38FAEF00DA3C6E /* Release */,
			);
			defaultConfigurationIsVisible = 0;
			defaultConfigurationName = Release;
		};
		C651936E1C38FAEF00DA3C6E /* Build configuration list for PBXNativeTarget "Saber" */ = {
			isa = XCConfigurationList;
			buildConfigurations = (
				C651936F1C38FAEF00DA3C6E /* Debug */,
				C65193701C38FAEF00DA3C6E /* Release */,
			);
			defaultConfigurationIsVisible = 0;
		};
		C65193711C38FAEF00DA3C6E /* Build configuration list for PBXNativeTarget "SaberTests" */ = {
			isa = XCConfigurationList;
			buildConfigurations = (
				C65193721C38FAEF00DA3C6E /* Debug */,
				C65193731C38FAEF00DA3C6E /* Release */,
			);
			defaultConfigurationIsVisible = 0;
		};
		C65193741C38FAEF00DA3C6E /* Build configuration list for PBXNativeTarget "SaberUITests" */ = {
			isa = XCConfigurationList;
			buildConfigurations = (
				C65193751C38FAEF00DA3C6E /* Debug */,
				C65193761C38FAEF00DA3C6E /* Release */,
			);
			defaultConfigurationIsVisible = 0;
		};
/* End XCConfigurationList section */
	};
	rootObject = C651933E1C38FAEF00DA3C6E /* Project object */;
}
